
Microsoft Visual Studio Solution File, Format Version 11.00
# Visual Studio 2010
Project("{FAE04EC0-301F-11D3-BF4B-00C04F79EFBC}") = "UnityEngine.UI", "UnityEngine.UI.csproj", "{5928fdd9-e4c0-78c2-7c75-8c14eb310c77}"
EndProject
Project("{FAE04EC0-301F-11D3-BF4B-00C04F79EFBC}") = "Assembly-CSharp", "Assembly-CSharp.csproj", "{6c3d0462-f4e4-7d4d-3ad2-55342594c394}"
EndProject
Project("{FAE04EC0-301F-11D3-BF4B-00C04F79EFBC}") = "UnityEditor.UI", "UnityEditor.UI.csproj", "{661df5c5-11c0-0a84-176b-688cf0877a87}"
EndProject
Global
	GlobalSection(SolutionConfigurationPlatforms) = preSolution
		Debug|Any CPU = Debug|Any CPU
	EndGlobalSection
	GlobalSection(ProjectConfigurationPlatforms) = postSolution
		{5928fdd9-e4c0-78c2-7c75-8c14eb310c77}.Debug|Any CPU.ActiveCfg = Debug|Any CPU
		{5928fdd9-e4c0-78c2-7c75-8c14eb310c77}.Debug|Any CPU.Build.0 = Debug|Any CPU
		{6c3d0462-f4e4-7d4d-3ad2-55342594c394}.Debug|Any CPU.ActiveCfg = Debug|Any CPU
		{6c3d0462-f4e4-7d4d-3ad2-55342594c394}.Debug|Any CPU.Build.0 = Debug|Any CPU
		{661df5c5-11c0-0a84-176b-688cf0877a87}.Debug|Any CPU.ActiveCfg = Debug|Any CPU
		{661df5c5-11c0-0a84-176b-688cf0877a87}.Debug|Any CPU.Build.0 = Debug|Any CPU
	EndGlobalSection
	GlobalSection(SolutionProperties) = preSolution
		HideSolutionNode = FALSE
	EndGlobalSection
EndGlobal
